PODS:
  - CountdownLabel (4.0.1)
  - CropViewController (2.4.0)
  - FDFullscreenPopGesture (1.1)
  - SnapKit (4.2.0)

DEPENDENCIES:
  - CountdownLabel
  - CropViewController
  - FDFullscreenPopGesture
  - SnapKit

SPEC REPOS:
  https://github.com/cocoapods/specs.git:
    - CountdownLabel
    - CropViewController
    - FDFullscreenPopGesture
    - SnapKit

SPEC CHECKSUMS:
  CountdownLabel: c9975e3f329140b5e7d1f45cd63b1300badd1712
  CropViewController: a090820b15fc3da68e694d7c192a4708c576828b
  FDFullscreenPopGesture: a8a620179e3d9c40e8e00256dcee1c1a27c6d0f0
  SnapKit: fe8a619752f3f27075cc9a90244d75c6c3f27e2a

PODFILE CHECKSUM: 0ce5ddd2c6c9cc26c21883b771d980a04c8abdb6

COCOAPODS: 1.5.3
